
Microsoft Visual Studio Solution File, Format Version 12.00
# Visual Studio 2015
Project("{FAE04EC0-301F-11D3-BF4B-00C04F79EFBC}") = "swuvsaKREW.CSharp.Plugins", "swuvsaKREW.CSharp.Plugins.csproj", "{FFDD3191-67C7-1C5D-3504-6FCD95B05060}"
EndProject
Project("{FAE04EC0-301F-11D3-BF4B-00C04F79EFBC}") = "swuvsaKREW.CSharp", "swuvsaKREW.CSharp.csproj", "{89728399-364C-CD1B-7338-E013CAFC035E}"
EndProject
Project("{FAE04EC0-301F-11D3-BF4B-00C04F79EFBC}") = "swuvsaKREW.CSharp.Editor.Plugins", "swuvsaKREW.CSharp.Editor.Plugins.csproj", "{6900F8C5-E358-E466-E137-F7E68EEF4868}"
EndProject
Project("{FAE04EC0-301F-11D3-BF4B-00C04F79EFBC}") = "swuvsaKREW.CSharp.Editor", "swuvsaKREW.CSharp.Editor.csproj", "{A130CD1B-3BDF-BCEB-4F66-AAC25EC47E44}"
EndProject
Global
	GlobalSection(SolutionConfigurationPlatforms) = preSolution
		Debug|Any CPU = Debug|Any CPU
		Release|Any CPU = Release|Any CPU
	EndGlobalSection
	GlobalSection(ProjectConfigurationPlatforms) = postSolution
		{FFDD3191-67C7-1C5D-3504-6FCD95B05060}.Debug|Any CPU.ActiveCfg = Debug|Any CPU
		{FFDD3191-67C7-1C5D-3504-6FCD95B05060}.Debug|Any CPU.Build.0 = Debug|Any CPU
		{FFDD3191-67C7-1C5D-3504-6FCD95B05060}.Release|Any CPU.ActiveCfg = Release|Any CPU
		{FFDD3191-67C7-1C5D-3504-6FCD95B05060}.Release|Any CPU.Build.0 = Release|Any CPU
		{89728399-364C-CD1B-7338-E013CAFC035E}.Debug|Any CPU.ActiveCfg = Debug|Any CPU
		{89728399-364C-CD1B-7338-E013CAFC035E}.Debug|Any CPU.Build.0 = Debug|Any CPU
		{89728399-364C-CD1B-7338-E013CAFC035E}.Release|Any CPU.ActiveCfg = Release|Any CPU
		{89728399-364C-CD1B-7338-E013CAFC035E}.Release|Any CPU.Build.0 = Release|Any CPU
		{6900F8C5-E358-E466-E137-F7E68EEF4868}.Debug|Any CPU.ActiveCfg = Debug|Any CPU
		{6900F8C5-E358-E466-E137-F7E68EEF4868}.Debug|Any CPU.Build.0 = Debug|Any CPU
		{6900F8C5-E358-E466-E137-F7E68EEF4868}.Release|Any CPU.ActiveCfg = Release|Any CPU
		{6900F8C5-E358-E466-E137-F7E68EEF4868}.Release|Any CPU.Build.0 = Release|Any CPU
		{A130CD1B-3BDF-BCEB-4F66-AAC25EC47E44}.Debug|Any CPU.ActiveCfg = Debug|Any CPU
		{A130CD1B-3BDF-BCEB-4F66-AAC25EC47E44}.Debug|Any CPU.Build.0 = Debug|Any CPU
		{A130CD1B-3BDF-BCEB-4F66-AAC25EC47E44}.Release|Any CPU.ActiveCfg = Release|Any CPU
		{A130CD1B-3BDF-BCEB-4F66-AAC25EC47E44}.Release|Any CPU.Build.0 = Release|Any CPU
	EndGlobalSection
	GlobalSection(SolutionProperties) = preSolution
		HideSolutionNode = FALSE
	EndGlobalSection
EndGlobal
